
Microsoft Visual Studio Solution File, Format Version 10.00
# Visual C++ Express 2008
Project("{00000000-0000-0000-0000-000000000000}") = "chameleon", "chameleon.vcproj", "{00000000-0000-0000-0000-000000000000}"
EndProject
Global
	GlobalSection(SolutionConfigurationPlatforms) = preSolution
		Debug|Win32 = Debug|Win32
	EndGlobalSection
	GlobalSection(ProjectConfigurationPlatforms) = postSolution
		{00000000-0000-0000-0000-000000000000}.Debug|Win32.ActiveCfg = Debug|Win32
		{00000000-0000-0000-0000-000000000000}.Debug|Win32.Build.0 = Debug|Win32
	EndGlobalSection
	GlobalSection(SolutionProperties) = preSolution
		HideSolutionNode = FALSE
	EndGlobalSection
EndGlobal

